// !$*UTF8*$!
{
	archiveVersion = 1;
	classes = {
	};
	objectVersion = 56;
	objects = {

/* Begin PBXBuildFile section */
		F20D96EA29DB2653006F96F6 /* DDHStartScene.m in Sources */ = {isa = PBXBuildFile; fileRef = F20D96E929DB2653006F96F6 /* DDHStartScene.m */; };
		F20D971529DC0A38006F96F6 /* PeerConnector.m in Sources */ = {isa = PBXBuildFile; fileRef = F20D971429DC0A38006F96F6 /* PeerConnector.m */; };
		F20D971E29DDF7EE006F96F6 /* DDHRoundsViewController.m in Sources */ = {isa = PBXBuildFile; fileRef = F20D971D29DDF7EE006F96F6 /* DDHRoundsViewController.m */; };
		F2806DD529DAA6E800258711 /* AppDelegate.m in Sources */ = {isa = PBXBuildFile; fileRef = F2806DD429DAA6E800258711 /* AppDelegate.m */; };
		F2806DD829DAA6E800258711 /* DDHGameViewController.m in Sources */ = {isa = PBXBuildFile; fileRef = F2806DD729DAA6E800258711 /* DDHGameViewController.m */; };
		F2806DDC29DAA6E900258711 /* Assets.xcassets in Resources */ = {isa = PBXBuildFile; fileRef = F2806DDB29DAA6E900258711 /* Assets.xcassets */; };
		F2806DE129DAA6E900258711 /* main.m in Sources */ = {isa = PBXBuildFile; fileRef = F2806DE029DAA6E900258711 /* main.m */; };
		F2806DEA29DAA71000258711 /* DDHGameView.m in Sources */ = {isa = PBXBuildFile; fileRef = F2806DE929DAA71000258711 /* DDHGameView.m */; };
		F2806E0529DAC12C00258711 /* DDHBoardScene.m in Sources */ = {isa = PBXBuildFile; fileRef = F2806DFF29DAC12C00258711 /* DDHBoardScene.m */; };
		F2806E0629DAC12C00258711 /* DDHNodesFactory.m in Sources */ = {isa = PBXBuildFile; fileRef = F2806E0229DAC12C00258711 /* DDHNodesFactory.m */; };
		F2806E0C29DAC2E700258711 /* DDHLevel.m in Sources */ = {isa = PBXBuildFile; fileRef = F2806DF329DAC12C00258711 /* DDHLevel.m */; };
		F2806E0D29DAC2E700258711 /* DDHJSONLoader.m in Sources */ = {isa = PBXBuildFile; fileRef = F2806DF829DAC12C00258711 /* DDHJSONLoader.m */; };
		F2806E0E29DAC2E700258711 /* DDHRound.m in Sources */ = {isa = PBXBuildFile; fileRef = F2806DF529DAC12C00258711 /* DDHRound.m */; };
		F2806E0F29DAC2E700258711 /* DDHCategory.m in Sources */ = {isa = PBXBuildFile; fileRef = F2806DF229DAC12C00258711 /* DDHCategory.m */; };
		F2806E1029DAC2E700258711 /* DDHPlayer.m in Sources */ = {isa = PBXBuildFile; fileRef = F2806DF129DAC12C00258711 /* DDHPlayer.m */; };
		F2806E1129DAC3DF00258711 /* round1.json in Resources */ = {isa = PBXBuildFile; fileRef = F2806DFA29DAC12C00258711 /* round1.json */; };
/* End PBXBuildFile section */

/* Begin PBXFileReference section */
		F20D96E829DB2653006F96F6 /* DDHStartScene.h */ = {isa = PBXFileReference; lastKnownFileType = sourcecode.c.h; path = DDHStartScene.h; sourceTree = "<group>"; };
		F20D96E929DB2653006F96F6 /* DDHStartScene.m */ = {isa = PBXFileReference; lastKnownFileType = sourcecode.c.objc; path = DDHStartScene.m; sourceTree = "<group>"; };
		F20D971329DC0A38006F96F6 /* PeerConnector.h */ = {isa = PBXFileReference; lastKnownFileType = sourcecode.c.h; path = PeerConnector.h; sourceTree = "<group>"; };
		F20D971429DC0A38006F96F6 /* PeerConnector.m */ = {isa = PBXFileReference; lastKnownFileType = sourcecode.c.objc; path = PeerConnector.m; sourceTree = "<group>"; };
		F20D971C29DDF7EE006F96F6 /* DDHRoundsViewController.h */ = {isa = PBXFileReference; lastKnownFileType = sourcecode.c.h; path = DDHRoundsViewController.h; sourceTree = "<group>"; };
		F20D971D29DDF7EE006F96F6 /* DDHRoundsViewController.m */ = {isa = PBXFileReference; lastKnownFileType = sourcecode.c.objc; path = DDHRoundsViewController.m; sourceTree = "<group>"; };
		F2806DD029DAA6E800258711 /* Macopardy2023.app */ = {isa = PBXFileReference; explicitFileType = wrapper.application; includeInIndex = 0; path = Macopardy2023.app; sourceTree = BUILT_PRODUCTS_DIR; };
		F2806DD329DAA6E800258711 /* AppDelegate.h */ = {isa = PBXFileReference; lastKnownFileType = sourcecode.c.h; path = AppDelegate.h; sourceTree = "<group>"; };
		F2806DD429DAA6E800258711 /* AppDelegate.m */ = {isa = PBXFileReference; lastKnownFileType = sourcecode.c.objc; path = AppDelegate.m; sourceTree = "<group>"; };
		F2806DD629DAA6E800258711 /* DDHGameViewController.h */ = {isa = PBXFileReference; lastKnownFileType = sourcecode.c.h; path = DDHGameViewController.h; sourceTree = "<group>"; };
		F2806DD729DAA6E800258711 /* DDHGameViewController.m */ = {isa = PBXFileReference; lastKnownFileType = sourcecode.c.objc; path = DDHGameViewController.m; sourceTree = "<group>"; };
		F2806DDB29DAA6E900258711 /* Assets.xcassets */ = {isa = PBXFileReference; lastKnownFileType = folder.assetcatalog; path = Assets.xcassets; sourceTree = "<group>"; };
		F2806DE029DAA6E900258711 /* main.m */ = {isa = PBXFileReference; lastKnownFileType = sourcecode.c.objc; path = main.m; sourceTree = "<group>"; };
		F2806DE229DAA6E900258711 /* Macopardy2023.entitlements */ = {isa = PBXFileReference; lastKnownFileType = text.plist.entitlements; path = Macopardy2023.entitlements; sourceTree = "<group>"; };
		F2806DE829DAA71000258711 /* DDHGameView.h */ = {isa = PBXFileReference; lastKnownFileType = sourcecode.c.h; path = DDHGameView.h; sourceTree = "<group>"; };
		F2806DE929DAA71000258711 /* DDHGameView.m */ = {isa = PBXFileReference; lastKnownFileType = sourcecode.c.objc; path = DDHGameView.m; sourceTree = "<group>"; };
		F2806DEC29DAC12C00258711 /* DDHNodesFactory.h */ = {isa = PBXFileReference; lastKnownFileType = sourcecode.c.h; path = DDHNodesFactory.h; sourceTree = "<group>"; };
		F2806DF029DAC12C00258711 /* DDHRound.h */ = {isa = PBXFileReference; lastKnownFileType = sourcecode.c.h; path = DDHRound.h; sourceTree = "<group>"; };
		F2806DF129DAC12C00258711 /* DDHPlayer.m */ = {isa = PBXFileReference; lastKnownFileType = sourcecode.c.objc; path = DDHPlayer.m; sourceTree = "<group>"; };
		F2806DF229DAC12C00258711 /* DDHCategory.m */ = {isa = PBXFileReference; lastKnownFileType = sourcecode.c.objc; path = DDHCategory.m; sourceTree = "<group>"; };
		F2806DF329DAC12C00258711 /* DDHLevel.m */ = {isa = PBXFileReference; lastKnownFileType = sourcecode.c.objc; path = DDHLevel.m; sourceTree = "<group>"; };
		F2806DF429DAC12C00258711 /* DDHJSONLoader.h */ = {isa = PBXFileReference; lastKnownFileType = sourcecode.c.h; path = DDHJSONLoader.h; sourceTree = "<group>"; };
		F2806DF529DAC12C00258711 /* DDHRound.m */ = {isa = PBXFileReference; lastKnownFileType = sourcecode.c.objc; path = DDHRound.m; sourceTree = "<group>"; };
		F2806DF629DAC12C00258711 /* DDHCategory.h */ = {isa = PBXFileReference; lastKnownFileType = sourcecode.c.h; path = DDHCategory.h; sourceTree = "<group>"; };
		F2806DF729DAC12C00258711 /* DDHPlayer.h */ = {isa = PBXFileReference; lastKnownFileType = sourcecode.c.h; path = DDHPlayer.h; sourceTree = "<group>"; };
		F2806DF829DAC12C00258711 /* DDHJSONLoader.m */ = {isa = PBXFileReference; lastKnownFileType = sourcecode.c.objc; path = DDHJSONLoader.m; sourceTree = "<group>"; };
		F2806DF929DAC12C00258711 /* DDHLevel.h */ = {isa = PBXFileReference; lastKnownFileType = sourcecode.c.h; path = DDHLevel.h; sourceTree = "<group>"; };
		F2806DFA29DAC12C00258711 /* round1.json */ = {isa = PBXFileReference; lastKnownFileType = text.json; path = round1.json; sourceTree = "<group>"; };
		F2806DFC29DAC12C00258711 /* DDHBoardScene.h */ = {isa = PBXFileReference; lastKnownFileType = sourcecode.c.h; path = DDHBoardScene.h; sourceTree = "<group>"; };
		F2806DFF29DAC12C00258711 /* DDHBoardScene.m */ = {isa = PBXFileReference; lastKnownFileType = sourcecode.c.objc; path = DDHBoardScene.m; sourceTree = "<group>"; };
		F2806E0229DAC12C00258711 /* DDHNodesFactory.m */ = {isa = PBXFileReference; lastKnownFileType = sourcecode.c.objc; path = DDHNodesFactory.m; sourceTree = "<group>"; };
/* End PBXFileReference section */

/* Begin PBXFrameworksBuildPhase section */
		F2806DCD29DAA6E800258711 /* Frameworks */ = {
			isa = PBXFrameworksBuildPhase;
			buildActionMask = 2147483647;
			files = (
			);
			runOnlyForDeploymentPostprocessing = 0;
		};
/* End PBXFrameworksBuildPhase section */

/* Begin PBXGroup section */
		F20D96E729DB25FA006F96F6 /* Board */ = {
			isa = PBXGroup;
			children = (
				F2806DFC29DAC12C00258711 /* DDHBoardScene.h */,
				F2806DFF29DAC12C00258711 /* DDHBoardScene.m */,
			);
			path = Board;
			sourceTree = "<group>";
		};
		F20D96EB29DB267F006F96F6 /* Start */ = {
			isa = PBXGroup;
			children = (
				F20D96E829DB2653006F96F6 /* DDHStartScene.h */,
				F20D96E929DB2653006F96F6 /* DDHStartScene.m */,
			);
			path = Start;
			sourceTree = "<group>";
		};
		F20D96EC29DB27A9006F96F6 /* Game */ = {
			isa = PBXGroup;
			children = (
				F2806DD629DAA6E800258711 /* DDHGameViewController.h */,
				F2806DD729DAA6E800258711 /* DDHGameViewController.m */,
				F2806DE829DAA71000258711 /* DDHGameView.h */,
				F2806DE929DAA71000258711 /* DDHGameView.m */,
			);
			path = Game;
			sourceTree = "<group>";
		};
		F20D96ED29DB27B9006F96F6 /* Helper */ = {
			isa = PBXGroup;
			children = (
				F2806DEC29DAC12C00258711 /* DDHNodesFactory.h */,
				F2806E0229DAC12C00258711 /* DDHNodesFactory.m */,
				F20D971329DC0A38006F96F6 /* PeerConnector.h */,
				F20D971429DC0A38006F96F6 /* PeerConnector.m */,
			);
			path = Helper;
			sourceTree = "<group>";
		};
		F2806DC729DAA6E800258711 = {
			isa = PBXGroup;
			children = (
				F2806DD229DAA6E800258711 /* Macopardy2023 */,
				F2806DD129DAA6E800258711 /* Products */,
			);
			indentWidth = 4;
			sourceTree = "<group>";
			tabWidth = 4;
		};
		F2806DD129DAA6E800258711 /* Products */ = {
			isa = PBXGroup;
			children = (
				F2806DD029DAA6E800258711 /* Macopardy2023.app */,
			);
			name = Products;
			sourceTree = "<group>";
		};
		F2806DD229DAA6E800258711 /* Macopardy2023 */ = {
			isa = PBXGroup;
			children = (
				F2806DD329DAA6E800258711 /* AppDelegate.h */,
				F2806DD429DAA6E800258711 /* AppDelegate.m */,
				F20D971C29DDF7EE006F96F6 /* DDHRoundsViewController.h */,
				F20D971D29DDF7EE006F96F6 /* DDHRoundsViewController.m */,
				F20D96EC29DB27A9006F96F6 /* Game */,
				F20D96EB29DB267F006F96F6 /* Start */,
				F20D96E729DB25FA006F96F6 /* Board */,
				F2806DEF29DAC12C00258711 /* Model */,
				F20D96ED29DB27B9006F96F6 /* Helper */,
				F2806DFA29DAC12C00258711 /* round1.json */,
				F2806DDB29DAA6E900258711 /* Assets.xcassets */,
				F2806DE029DAA6E900258711 /* main.m */,
				F2806DE229DAA6E900258711 /* Macopardy2023.entitlements */,
			);
			path = Macopardy2023;
			sourceTree = "<group>";
		};
		F2806DEF29DAC12C00258711 /* Model */ = {
			isa = PBXGroup;
			children = (
				F2806DF629DAC12C00258711 /* DDHCategory.h */,
				F2806DF229DAC12C00258711 /* DDHCategory.m */,
				F2806DF429DAC12C00258711 /* DDHJSONLoader.h */,
				F2806DF829DAC12C00258711 /* DDHJSONLoader.m */,
				F2806DF929DAC12C00258711 /* DDHLevel.h */,
				F2806DF329DAC12C00258711 /* DDHLevel.m */,
				F2806DF729DAC12C00258711 /* DDHPlayer.h */,
				F2806DF129DAC12C00258711 /* DDHPlayer.m */,
				F2806DF029DAC12C00258711 /* DDHRound.h */,
				F2806DF529DAC12C00258711 /* DDHRound.m */,
			);
			path = Model;
			sourceTree = "<group>";
		};
/* End PBXGroup section */

/* Begin PBXNativeTarget section */
		F2806DCF29DAA6E800258711 /* Macopardy2023 */ = {
			isa = PBXNativeTarget;
			buildConfigurationList = F2806DE529DAA6E900258711 /* Build configuration list for PBXNativeTarget "Macopardy2023" */;
			buildPhases = (
				F2806DCC29DAA6E800258711 /* Sources */,
				F2806DCD29DAA6E800258711 /* Frameworks */,
				F2806DCE29DAA6E800258711 /* Resources */,
			);
			buildRules = (
			);
			dependencies = (
			);
			name = Macopardy2023;
			productName = Macopardy2023;
			productReference = F2806DD029DAA6E800258711 /* Macopardy2023.app */;
			productType = "com.apple.product-type.application";
		};
/* End PBXNativeTarget section */

/* Begin PBXProject section */
		F2806DC829DAA6E800258711 /* Project object */ = {
			isa = PBXProject;
			attributes = {
				BuildIndependentTargetsInParallel = 1;
				LastUpgradeCheck = 1420;
				TargetAttributes = {
					F2806DCF29DAA6E800258711 = {
						CreatedOnToolsVersion = 14.2;
					};
				};
			};
			buildConfigurationList = F2806DCB29DAA6E800258711 /* Build configuration list for PBXProject "Macopardy2023" */;
			compatibilityVersion = "Xcode 14.0";
			developmentRegion = en;
			hasScannedForEncodings = 0;
			knownRegions = (
				en,
				Base,
			);
			mainGroup = F2806DC729DAA6E800258711;
			productRefGroup = F2806DD129DAA6E800258711 /* Products */;
			projectDirPath = "";
			projectRoot = "";
			targets = (
				F2806DCF29DAA6E800258711 /* Macopardy2023 */,
			);
		};
/* End PBXProject section */

/* Begin PBXResourcesBuildPhase section */
		F2806DCE29DAA6E800258711 /* Resources */ = {
			isa = PBXResourcesBuildPhase;
			buildActionMask = 2147483647;
			files = (
				F2806E1129DAC3DF00258711 /* round1.json in Resources */,
				F2806DDC29DAA6E900258711 /* Assets.xcassets in Resources */,
			);
			runOnlyForDeploymentPostprocessing = 0;
		};
/* End PBXResourcesBuildPhase section */

/* Begin PBXSourcesBuildPhase section */
		F2806DCC29DAA6E800258711 /* Sources */ = {
			isa = PBXSourcesBuildPhase;
			buildActionMask = 2147483647;
			files = (
				F2806E0E29DAC2E700258711 /* DDHRound.m in Sources */,
				F2806DD829DAA6E800258711 /* DDHGameViewController.m in Sources */,
				F2806DEA29DAA71000258711 /* DDHGameView.m in Sources */,
				F20D971529DC0A38006F96F6 /* PeerConnector.m in Sources */,
				F20D971E29DDF7EE006F96F6 /* DDHRoundsViewController.m in Sources */,
				F2806E0529DAC12C00258711 /* DDHBoardScene.m in Sources */,
				F2806E0D29DAC2E700258711 /* DDHJSONLoader.m in Sources */,
				F2806E0629DAC12C00258711 /* DDHNodesFactory.m in Sources */,
				F2806DE129DAA6E900258711 /* main.m in Sources */,
				F2806E1029DAC2E700258711 /* DDHPlayer.m in Sources */,
				F2806E0C29DAC2E700258711 /* DDHLevel.m in Sources */,
				F2806E0F29DAC2E700258711 /* DDHCategory.m in Sources */,
				F20D96EA29DB2653006F96F6 /* DDHStartScene.m in Sources */,
				F2806DD529DAA6E800258711 /* AppDelegate.m in Sources */,
			);
			runOnlyForDeploymentPostprocessing = 0;
		};
/* End PBXSourcesBuildPhase section */

/* Begin XCBuildConfiguration section */
		F2806DE329DAA6E900258711 /* Debug */ = {
			isa = XCBuildConfiguration;
			buildSettings = {
				ALWAYS_SEARCH_USER_PATHS = NO;
				CLANG_ANALYZER_NONNULL = YES;
				CLANG_ANALYZER_NUMBER_OBJECT_CONVERSION = YES_AGGRESSIVE;
				CLANG_CXX_LANGUAGE_STANDARD = "gnu++20";
				CLANG_ENABLE_MODULES = YES;
				CLANG_ENABLE_OBJC_ARC = YES;
				CLANG_ENABLE_OBJC_WEAK = YES;
				CLANG_WARN_BLOCK_CAPTURE_AUTORELEASING = YES;
				CLANG_WARN_BOOL_CONVERSION = YES;
				CLANG_WARN_COMMA = YES;
				CLANG_WARN_CONSTANT_CONVERSION = YES;
				CLANG_WARN_DEPRECATED_OBJC_IMPLEMENTATIONS = YES;
				CLANG_WARN_DIRECT_OBJC_ISA_USAGE = YES_ERROR;
				CLANG_WARN_DOCUMENTATION_COMMENTS = YES;
				CLANG_WARN_EMPTY_BODY = YES;
				CLANG_WARN_ENUM_CONVERSION = YES;
				CLANG_WARN_INFINITE_RECURSION = YES;
				CLANG_WARN_INT_CONVERSION = YES;
				CLANG_WARN_NON_LITERAL_NULL_CONVERSION = YES;
				CLANG_WARN_OBJC_IMPLICIT_RETAIN_SELF = YES;
				CLANG_WARN_OBJC_LITERAL_CONVERSION = YES;
				CLANG_WARN_OBJC_ROOT_CLASS = YES_ERROR;
				CLANG_WARN_QUOTED_INCLUDE_IN_FRAMEWORK_HEADER = YES;
				CLANG_WARN_RANGE_LOOP_ANALYSIS = YES;
				CLANG_WARN_STRICT_PROTOTYPES = YES;
				CLANG_WARN_SUSPICIOUS_MOVE = YES;
				CLANG_WARN_UNGUARDED_AVAILABILITY = YES_AGGRESSIVE;
				CLANG_WARN_UNREACHABLE_CODE = YES;
				CLANG_WARN__DUPLICATE_METHOD_MATCH = YES;
				COPY_PHASE_STRIP = NO;
				DEBUG_INFORMATION_FORMAT = dwarf;
				ENABLE_STRICT_OBJC_MSGSEND = YES;
				ENABLE_TESTABILITY = YES;
				GCC_C_LANGUAGE_STANDARD = gnu11;
				GCC_DYNAMIC_NO_PIC = NO;
				GCC_NO_COMMON_BLOCKS = YES;
				GCC_OPTIMIZATION_LEVEL = 0;
				GCC_PREPROCESSOR_DEFINITIONS = (
					"DEBUG=1",
					"$(inherited)",
				);
				GCC_WARN_64_TO_32_BIT_CONVERSION = YES;
				GCC_WARN_ABOUT_RETURN_TYPE = YES_ERROR;
				GCC_WARN_UNDECLARED_SELECTOR = YES;
				GCC_WARN_UNINITIALIZED_AUTOS = YES_AGGRESSIVE;
				GCC_WARN_UNUSED_FUNCTION = YES;
				GCC_WARN_UNUSED_VARIABLE = YES;
				MACOSX_DEPLOYMENT_TARGET = 13.0;
				MTL_ENABLE_DEBUG_INFO = INCLUDE_SOURCE;
				MTL_FAST_MATH = YES;
				ONLY_ACTIVE_ARCH = YES;
				SDKROOT = macosx;
			};
			name = Debug;
		};
		F2806DE429DAA6E900258711 /* Release */ = {
			isa = XCBuildConfiguration;
			buildSettings = {
				ALWAYS_SEARCH_USER_PATHS = NO;
				CLANG_ANALYZER_NONNULL = YES;
				CLANG_ANALYZER_NUMBER_OBJECT_CONVERSION = YES_AGGRESSIVE;
				CLANG_CXX_LANGUAGE_STANDARD = "gnu++20";
				CLANG_ENABLE_MODULES = YES;
				CLANG_ENABLE_OBJC_ARC = YES;
				CLANG_ENABLE_OBJC_WEAK = YES;
				CLANG_WARN_BLOCK_CAPTURE_AUTORELEASING = YES;
				CLANG_WARN_BOOL_CONVERSION = YES;
				CLANG_WARN_COMMA = YES;
				CLANG_WARN_CONSTANT_CONVERSION = YES;
				CLANG_WARN_DEPRECATED_OBJC_IMPLEMENTATIONS = YES;
				CLANG_WARN_DIRECT_OBJC_ISA_USAGE = YES_ERROR;
				CLANG_WARN_DOCUMENTATION_COMMENTS = YES;
				CLANG_WARN_EMPTY_BODY = YES;
				CLANG_WARN_ENUM_CONVERSION = YES;
				CLANG_WARN_INFINITE_RECURSION = YES;
				CLANG_WARN_INT_CONVERSION = YES;
				CLANG_WARN_NON_LITERAL_NULL_CONVERSION = YES;
				CLANG_WARN_OBJC_IMPLICIT_RETAIN_SELF = YES;
				CLANG_WARN_OBJC_LITERAL_CONVERSION = YES;
				CLANG_WARN_OBJC_ROOT_CLASS = YES_ERROR;
				CLANG_WARN_QUOTED_INCLUDE_IN_FRAMEWORK_HEADER = YES;
				CLANG_WARN_RANGE_LOOP_ANALYSIS = YES;
				CLANG_WARN_STRICT_PROTOTYPES = YES;
				CLANG_WARN_SUSPICIOUS_MOVE = YES;
				CLANG_WARN_UNGUARDED_AVAILABILITY = YES_AGGRESSIVE;
				CLANG_WARN_UNREACHABLE_CODE = YES;
				CLANG_WARN__DUPLICATE_METHOD_MATCH = YES;
				COPY_PHASE_STRIP = NO;
				DEBUG_INFORMATION_FORMAT = "dwarf-with-dsym";
				ENABLE_NS_ASSERTIONS = NO;
				ENABLE_STRICT_OBJC_MSGSEND = YES;
				GCC_C_LANGUAGE_STANDARD = gnu11;
				GCC_NO_COMMON_BLOCKS = YES;
				GCC_WARN_64_TO_32_BIT_CONVERSION = YES;
				GCC_WARN_ABOUT_RETURN_TYPE = YES_ERROR;
				GCC_WARN_UNDECLARED_SELECTOR = YES;
				GCC_WARN_UNINITIALIZED_AUTOS = YES_AGGRESSIVE;
				GCC_WARN_UNUSED_FUNCTION = YES;
				GCC_WARN_UNUSED_VARIABLE = YES;
				MACOSX_DEPLOYMENT_TARGET = 13.0;
				MTL_ENABLE_DEBUG_INFO = NO;
				MTL_FAST_MATH = YES;
				SDKROOT = macosx;
			};
			name = Release;
		};
		F2806DE629DAA6E900258711 /* Debug */ = {
			isa = XCBuildConfiguration;
			buildSettings = {
				ASSETCATALOG_COMPILER_APPICON_NAME = AppIcon;
				ASSETCATALOG_COMPILER_GLOBAL_ACCENT_COLOR_NAME = AccentColor;
				CODE_SIGN_ENTITLEMENTS = Macopardy2023/Macopardy2023.entitlements;
				CODE_SIGN_STYLE = Automatic;
				COMBINE_HIDPI_IMAGES = YES;
				CURRENT_PROJECT_VERSION = 1;
				DEVELOPMENT_TEAM = Q6PD97MRX4;
				ENABLE_HARDENED_RUNTIME = YES;
				GENERATE_INFOPLIST_FILE = YES;
				INFOPLIST_KEY_NSHumanReadableCopyright = "";
				INFOPLIST_KEY_NSPrincipalClass = NSApplication;
				LD_RUNPATH_SEARCH_PATHS = (
					"$(inherited)",
					"@executable_path/../Frameworks",
				);
				MARKETING_VERSION = 1.0;
				PRODUCT_BUNDLE_IDENTIFIER = de.dasdom.Macopardy2023;
				PRODUCT_NAME = "$(TARGET_NAME)";
				SWIFT_EMIT_LOC_STRINGS = YES;
			};
			name = Debug;
		};
		F2806DE729DAA6E900258711 /* Release */ = {
			isa = XCBuildConfiguration;
			buildSettings = {
				ASSETCATALOG_COMPILER_APPICON_NAME = AppIcon;
				ASSETCATALOG_COMPILER_GLOBAL_ACCENT_COLOR_NAME = AccentColor;
				CODE_SIGN_ENTITLEMENTS = Macopardy2023/Macopardy2023.entitlements;
				CODE_SIGN_STYLE = Automatic;
				COMBINE_HIDPI_IMAGES = YES;
				CURRENT_PROJECT_VERSION = 1;
				DEVELOPMENT_TEAM = Q6PD97MRX4;
				ENABLE_HARDENED_RUNTIME = YES;
				GENERATE_INFOPLIST_FILE = YES;
				INFOPLIST_KEY_NSHumanReadableCopyright = "";
				INFOPLIST_KEY_NSPrincipalClass = NSApplication;
				LD_RUNPATH_SEARCH_PATHS = (
					"$(inherited)",
					"@executable_path/../Frameworks",
				);
				MARKETING_VERSION = 1.0;
				PRODUCT_BUNDLE_IDENTIFIER = de.dasdom.Macopardy2023;
				PRODUCT_NAME = "$(TARGET_NAME)";
				SWIFT_EMIT_LOC_STRINGS = YES;
			};
			name = Release;
		};
/* End XCBuildConfiguration section */

/* Begin XCConfigurationList section */
		F2806DCB29DAA6E800258711 /* Build configuration list for PBXProject "Macopardy2023" */ = {
			isa = XCConfigurationList;
			buildConfigurations = (
				F2806DE329DAA6E900258711 /* Debug */,
				F2806DE429DAA6E900258711 /* Release */,
			);
			defaultConfigurationIsVisible = 0;
			defaultConfigurationName = Release;
		};
		F2806DE529DAA6E900258711 /* Build configuration list for PBXNativeTarget "Macopardy2023" */ = {
			isa = XCConfigurationList;
			buildConfigurations = (
				F2806DE629DAA6E900258711 /* Debug */,
				F2806DE729DAA6E900258711 /* Release */,
			);
			defaultConfigurationIsVisible = 0;
			defaultConfigurationName = Release;
		};
/* End XCConfigurationList section */
	};
	rootObject = F2806DC829DAA6E800258711 /* Project object */;
}
